{
  "object": {
    "pins": [
      {
        "package": "FMDB",
        "repositoryURL": "https://github.com/ccgus/fmdb",
        "state": {
          "branch": null,
          "revision": "61e51fde7f7aab6554f30ab061cc588b28a97d04",
          "version": "2.7.7"
        }
      },
      {
        "package": "RZUtils",
        "repositoryURL": "https://github.com/roznet/rzutils",
        "state": {
          "branch": null,
          "revision": "dc3e483ca89add8b530cfa70b662b34194f7df70",
          "version": "1.0.24"
        }
      }
    ]
  },
  "version": 1
}
